// !$*UTF8*$!
{
	archiveVersion = 1;
	classes = {
	};
	objectVersion = 46;
	objects = {

/* Begin PBXBuildFile section */
		4C1DBDA01FB3BFE100A7C885 /* main.m in Sources */ = {isa = PBXBuildFile; fileRef = 4C1DBD9F1FB3BFE100A7C885 /* main.m */; };
		4C1DBDA31FB3BFE100A7C885 /* AppDelegate.m in Sources */ = {isa = PBXBuildFile; fileRef = 4C1DBDA21FB3BFE100A7C885 /* AppDelegate.m */; };
		4C1DBDA61FB3BFE100A7C885 /* ViewController.m in Sources */ = {isa = PBXBuildFile; fileRef = 4C1DBDA51FB3BFE100A7C885 /* ViewController.m */; };
		4C1DBDA91FB3BFE100A7C885 /* Main.storyboard in Resources */ = {isa = PBXBuildFile; fileRef = 4C1DBDA71FB3BFE100A7C885 /* Main.storyboard */; };
		4C1DBDAB1FB3BFE100A7C885 /* Assets.xcassets in Resources */ = {isa = PBXBuildFile; fileRef = 4C1DBDAA1FB3BFE100A7C885 /* Assets.xcassets */; };
		4C1DBDAE1FB3BFE100A7C885 /* LaunchScreen.storyboard in Resources */ = {isa = PBXBuildFile; fileRef = 4C1DBDAC1FB3BFE100A7C885 /* LaunchScreen.storyboard */; };
		4C1DBDB91FB3BFE100A7C885 /* Pro_ObjectiveCTests.m in Sources */ = {isa = PBXBuildFile; fileRef = 4C1DBDB81FB3BFE100A7C885 /* Pro_ObjectiveCTests.m */; };
		4C1DBDC41FB3BFE100A7C885 /* Pro_ObjectiveCUITests.m in Sources */ = {isa = PBXBuildFile; fileRef = 4C1DBDC31FB3BFE100A7C885 /* Pro_ObjectiveCUITests.m */; };
		4CBAC4EB1FB8FAD500689DDA /* test_block.c in Sources */ = {isa = PBXBuildFile; fileRef = 4CBAC4EA1FB8FAD500689DDA /* test_block.c */; };
		4CBAC4EF1FB9020000689DDA /* test_block.cpp in Sources */ = {isa = PBXBuildFile; fileRef = 4CBAC4EE1FB9020000689DDA /* test_block.cpp */; };
/* End PBXBuildFile section */

/* Begin PBXContainerItemProxy section */
		4C1DBDB51FB3BFE100A7C885 /* PBXContainerItemProxy */ = {
			isa = PBXContainerItemProxy;
			containerPortal = 4C1DBD931FB3BFE100A7C885 /* Project object */;
			proxyType = 1;
			remoteGlobalIDString = 4C1DBD9A1FB3BFE100A7C885;
			remoteInfo = Pro_ObjectiveC;
		};
		4C1DBDC01FB3BFE100A7C885 /* PBXContainerItemProxy */ = {
			isa = PBXContainerItemProxy;
			containerPortal = 4C1DBD931FB3BFE100A7C885 /* Project object */;
			proxyType = 1;
			remoteGlobalIDString = 4C1DBD9A1FB3BFE100A7C885;
			remoteInfo = Pro_ObjectiveC;
		};
/* End PBXContainerItemProxy section */

/* Begin PBXFileReference section */
		4C1DBD9B1FB3BFE100A7C885 /* Pro_ObjectiveC.app */ = {isa = PBXFileReference; explicitFileType = wrapper.application; includeInIndex = 0; path = Pro_ObjectiveC.app; sourceTree = BUILT_PRODUCTS_DIR; };
		4C1DBD9F1FB3BFE100A7C885 /* main.m */ = {isa = PBXFileReference; lastKnownFileType = sourcecode.c.objc; path = main.m; sourceTree = "<group>"; };
		4C1DBDA11FB3BFE100A7C885 /* AppDelegate.h */ = {isa = PBXFileReference; lastKnownFileType = sourcecode.c.h; path = AppDelegate.h; sourceTree = "<group>"; };
		4C1DBDA21FB3BFE100A7C885 /* AppDelegate.m */ = {isa = PBXFileReference; lastKnownFileType = sourcecode.c.objc; path = AppDelegate.m; sourceTree = "<group>"; };
		4C1DBDA41FB3BFE100A7C885 /* ViewController.h */ = {isa = PBXFileReference; lastKnownFileType = sourcecode.c.h; path = ViewController.h; sourceTree = "<group>"; };
		4C1DBDA51FB3BFE100A7C885 /* ViewController.m */ = {isa = PBXFileReference; lastKnownFileType = sourcecode.c.objc; path = ViewController.m; sourceTree = "<group>"; };
		4C1DBDA81FB3BFE100A7C885 /* Base */ = {isa = PBXFileReference; lastKnownFileType = file.storyboard; name = Base; path = Base.lproj/Main.storyboard; sourceTree = "<group>"; };
		4C1DBDAA1FB3BFE100A7C885 /* Assets.xcassets */ = {isa = PBXFileReference; lastKnownFileType = folder.assetcatalog; path = Assets.xcassets; sourceTree = "<group>"; };
		4C1DBDAD1FB3BFE100A7C885 /* Base */ = {isa = PBXFileReference; lastKnownFileType = file.storyboard; name = Base; path = Base.lproj/LaunchScreen.storyboard; sourceTree = "<group>"; };
		4C1DBDAF1FB3BFE100A7C885 /* Info.plist */ = {isa = PBXFileReference; lastKnownFileType = text.plist.xml; path = Info.plist; sourceTree = "<group>"; };
		4C1DBDB41FB3BFE100A7C885 /* Pro_ObjectiveCTests.xctest */ = {isa = PBXFileReference; explicitFileType = wrapper.cfbundle; includeInIndex = 0; path = Pro_ObjectiveCTests.xctest; sourceTree = BUILT_PRODUCTS_DIR; };
		4C1DBDB81FB3BFE100A7C885 /* Pro_ObjectiveCTests.m */ = {isa = PBXFileReference; lastKnownFileType = sourcecode.c.objc; path = Pro_ObjectiveCTests.m; sourceTree = "<group>"; };
		4C1DBDBA1FB3BFE100A7C885 /* Info.plist */ = {isa = PBXFileReference; lastKnownFileType = text.plist.xml; path = Info.plist; sourceTree = "<group>"; };
		4C1DBDBF1FB3BFE100A7C885 /* Pro_ObjectiveCUITests.xctest */ = {isa = PBXFileReference; explicitFileType = wrapper.cfbundle; includeInIndex = 0; path = Pro_ObjectiveCUITests.xctest; sourceTree = BUILT_PRODUCTS_DIR; };
		4C1DBDC31FB3BFE100A7C885 /* Pro_ObjectiveCUITests.m */ = {isa = PBXFileReference; lastKnownFileType = sourcecode.c.objc; path = Pro_ObjectiveCUITests.m; sourceTree = "<group>"; };
		4C1DBDC51FB3BFE100A7C885 /* Info.plist */ = {isa = PBXFileReference; lastKnownFileType = text.plist.xml; path = Info.plist; sourceTree = "<group>"; };
		4CBAC4EA1FB8FAD500689DDA /* test_block.c */ = {isa = PBXFileReference; fileEncoding = 4; lastKnownFileType = sourcecode.c.c; path = test_block.c; sourceTree = "<group>"; };
		4CBAC4EE1FB9020000689DDA /* test_block.cpp */ = {isa = PBXFileReference; fileEncoding = 4; lastKnownFileType = sourcecode.cpp.cpp; path = test_block.cpp; sourceTree = "<group>"; };
/* End PBXFileReference section */

/* Begin PBXFrameworksBuildPhase section */
		4C1DBD981FB3BFE100A7C885 /* Frameworks */ = {
			isa = PBXFrameworksBuildPhase;
			buildActionMask = 2147483647;
			files = (
			);
			runOnlyForDeploymentPostprocessing = 0;
		};
		4C1DBDB11FB3BFE100A7C885 /* Frameworks */ = {
			isa = PBXFrameworksBuildPhase;
			buildActionMask = 2147483647;
			files = (
			);
			runOnlyForDeploymentPostprocessing = 0;
		};
		4C1DBDBC1FB3BFE100A7C885 /* Frameworks */ = {
			isa = PBXFrameworksBuildPhase;
			buildActionMask = 2147483647;
			files = (
			);
			runOnlyForDeploymentPostprocessing = 0;
		};
/* End PBXFrameworksBuildPhase section */

/* Begin PBXGroup section */
		4C1DBD921FB3BFE100A7C885 = {
			isa = PBXGroup;
			children = (
				4C1DBD9D1FB3BFE100A7C885 /* Pro_ObjectiveC */,
				4C1DBDB71FB3BFE100A7C885 /* Pro_ObjectiveCTests */,
				4C1DBDC21FB3BFE100A7C885 /* Pro_ObjectiveCUITests */,
				4C1DBD9C1FB3BFE100A7C885 /* Products */,
			);
			sourceTree = "<group>";
		};
		4C1DBD9C1FB3BFE100A7C885 /* Products */ = {
			isa = PBXGroup;
			children = (
				4C1DBD9B1FB3BFE100A7C885 /* Pro_ObjectiveC.app */,
				4C1DBDB41FB3BFE100A7C885 /* Pro_ObjectiveCTests.xctest */,
				4C1DBDBF1FB3BFE100A7C885 /* Pro_ObjectiveCUITests.xctest */,
			);
			name = Products;
			sourceTree = "<group>";
		};
		4C1DBD9D1FB3BFE100A7C885 /* Pro_ObjectiveC */ = {
			isa = PBXGroup;
			children = (
				4C1DBDA11FB3BFE100A7C885 /* AppDelegate.h */,
				4C1DBDA21FB3BFE100A7C885 /* AppDelegate.m */,
				4C1DBDA41FB3BFE100A7C885 /* ViewController.h */,
				4C1DBDA51FB3BFE100A7C885 /* ViewController.m */,
				4C1DBDA71FB3BFE100A7C885 /* Main.storyboard */,
				4C1DBDAA1FB3BFE100A7C885 /* Assets.xcassets */,
				4C1DBDAC1FB3BFE100A7C885 /* LaunchScreen.storyboard */,
				4C1DBDAF1FB3BFE100A7C885 /* Info.plist */,
				4C1DBD9E1FB3BFE100A7C885 /* Supporting Files */,
				4CBAC4EA1FB8FAD500689DDA /* test_block.c */,
				4CBAC4EE1FB9020000689DDA /* test_block.cpp */,
			);
			path = Pro_ObjectiveC;
			sourceTree = "<group>";
		};
		4C1DBD9E1FB3BFE100A7C885 /* Supporting Files */ = {
			isa = PBXGroup;
			children = (
				4C1DBD9F1FB3BFE100A7C885 /* main.m */,
			);
			name = "Supporting Files";
			sourceTree = "<group>";
		};
		4C1DBDB71FB3BFE100A7C885 /* Pro_ObjectiveCTests */ = {
			isa = PBXGroup;
			children = (
				4C1DBDB81FB3BFE100A7C885 /* Pro_ObjectiveCTests.m */,
				4C1DBDBA1FB3BFE100A7C885 /* Info.plist */,
			);
			path = Pro_ObjectiveCTests;
			sourceTree = "<group>";
		};
		4C1DBDC21FB3BFE100A7C885 /* Pro_ObjectiveCUITests */ = {
			isa = PBXGroup;
			children = (
				4C1DBDC31FB3BFE100A7C885 /* Pro_ObjectiveCUITests.m */,
				4C1DBDC51FB3BFE100A7C885 /* Info.plist */,
			);
			path = Pro_ObjectiveCUITests;
			sourceTree = "<group>";
		};
/* End PBXGroup section */

/* Begin PBXNativeTarget section */
		4C1DBD9A1FB3BFE100A7C885 /* Pro_ObjectiveC */ = {
			isa = PBXNativeTarget;
			buildConfigurationList = 4C1DBDC81FB3BFE100A7C885 /* Build configuration list for PBXNativeTarget "Pro_ObjectiveC" */;
			buildPhases = (
				4C1DBD971FB3BFE100A7C885 /* Sources */,
				4C1DBD981FB3BFE100A7C885 /* Frameworks */,
				4C1DBD991FB3BFE100A7C885 /* Resources */,
			);
			buildRules = (
			);
			dependencies = (
			);
			name = Pro_ObjectiveC;
			productName = Pro_ObjectiveC;
			productReference = 4C1DBD9B1FB3BFE100A7C885 /* Pro_ObjectiveC.app */;
			productType = "com.apple.product-type.application";
		};
		4C1DBDB31FB3BFE100A7C885 /* Pro_ObjectiveCTests */ = {
			isa = PBXNativeTarget;
			buildConfigurationList = 4C1DBDCB1FB3BFE100A7C885 /* Build configuration list for PBXNativeTarget "Pro_ObjectiveCTests" */;
			buildPhases = (
				4C1DBDB01FB3BFE100A7C885 /* Sources */,
				4C1DBDB11FB3BFE100A7C885 /* Frameworks */,
				4C1DBDB21FB3BFE100A7C885 /* Resources */,
			);
			buildRules = (
			);
			dependencies = (
				4C1DBDB61FB3BFE100A7C885 /* PBXTargetDependency */,
			);
			name = Pro_ObjectiveCTests;
			productName = Pro_ObjectiveCTests;
			productReference = 4C1DBDB41FB3BFE100A7C885 /* Pro_ObjectiveCTests.xctest */;
			productType = "com.apple.product-type.bundle.unit-test";
		};
		4C1DBDBE1FB3BFE100A7C885 /* Pro_ObjectiveCUITests */ = {
			isa = PBXNativeTarget;
			buildConfigurationList = 4C1DBDCE1FB3BFE100A7C885 /* Build configuration list for PBXNativeTarget "Pro_ObjectiveCUITests" */;
			buildPhases = (
				4C1DBDBB1FB3BFE100A7C885 /* Sources */,
				4C1DBDBC1FB3BFE100A7C885 /* Frameworks */,
				4C1DBDBD1FB3BFE100A7C885 /* Resources */,
			);
			buildRules = (
			);
			dependencies = (
				4C1DBDC11FB3BFE100A7C885 /* PBXTargetDependency */,
			);
			name = Pro_ObjectiveCUITests;
			productName = Pro_ObjectiveCUITests;
			productReference = 4C1DBDBF1FB3BFE100A7C885 /* Pro_ObjectiveCUITests.xctest */;
			productType = "com.apple.product-type.bundle.ui-testing";
		};
/* End PBXNativeTarget section */

/* Begin PBXProject section */
		4C1DBD931FB3BFE100A7C885 /* Project object */ = {
			isa = PBXProject;
			attributes = {
				LastUpgradeCheck = 0830;
				ORGANIZATIONNAME = MichaelFan;
				TargetAttributes = {
					4C1DBD9A1FB3BFE100A7C885 = {
						CreatedOnToolsVersion = 8.3.3;
						ProvisioningStyle = Automatic;
					};
					4C1DBDB31FB3BFE100A7C885 = {
						CreatedOnToolsVersion = 8.3.3;
						ProvisioningStyle = Automatic;
						TestTargetID = 4C1DBD9A1FB3BFE100A7C885;
					};
					4C1DBDBE1FB3BFE100A7C885 = {
						CreatedOnToolsVersion = 8.3.3;
						ProvisioningStyle = Automatic;
						TestTargetID = 4C1DBD9A1FB3BFE100A7C885;
					};
				};
			};
			buildConfigurationList = 4C1DBD961FB3BFE100A7C885 /* Build configuration list for PBXProject "Pro_ObjectiveC" */;
			compatibilityVersion = "Xcode 3.2";
			developmentRegion = English;
			hasScannedForEncodings = 0;
			knownRegions = (
				en,
				Base,
			);
			mainGroup = 4C1DBD921FB3BFE100A7C885;
			productRefGroup = 4C1DBD9C1FB3BFE100A7C885 /* Products */;
			projectDirPath = "";
			projectRoot = "";
			targets = (
				4C1DBD9A1FB3BFE100A7C885 /* Pro_ObjectiveC */,
				4C1DBDB31FB3BFE100A7C885 /* Pro_ObjectiveCTests */,
				4C1DBDBE1FB3BFE100A7C885 /* Pro_ObjectiveCUITests */,
			);
		};
/* End PBXProject section */

/* Begin PBXResourcesBuildPhase section */
		4C1DBD991FB3BFE100A7C885 /* Resources */ = {
			isa = PBXResourcesBuildPhase;
			buildActionMask = 2147483647;
			files = (
				4C1DBDAE1FB3BFE100A7C885 /* LaunchScreen.storyboard in Resources */,
				4C1DBDAB1FB3BFE100A7C885 /* Assets.xcassets in Resources */,
				4C1DBDA91FB3BFE100A7C885 /* Main.storyboard in Resources */,
			);
			runOnlyForDeploymentPostprocessing = 0;
		};
		4C1DBDB21FB3BFE100A7C885 /* Resources */ = {
			isa = PBXResourcesBuildPhase;
			buildActionMask = 2147483647;
			files = (
			);
			runOnlyForDeploymentPostprocessing = 0;
		};
		4C1DBDBD1FB3BFE100A7C885 /* Resources */ = {
			isa = PBXResourcesBuildPhase;
			buildActionMask = 2147483647;
			files = (
			);
			runOnlyForDeploymentPostprocessing = 0;
		};
/* End PBXResourcesBuildPhase section */

/* Begin PBXSourcesBuildPhase section */
		4C1DBD971FB3BFE100A7C885 /* Sources */ = {
			isa = PBXSourcesBuildPhase;
			buildActionMask = 2147483647;
			files = (
				4C1DBDA61FB3BFE100A7C885 /* ViewController.m in Sources */,
				4CBAC4EF1FB9020000689DDA /* test_block.cpp in Sources */,
				4C1DBDA31FB3BFE100A7C885 /* AppDelegate.m in Sources */,
				4C1DBDA01FB3BFE100A7C885 /* main.m in Sources */,
				4CBAC4EB1FB8FAD500689DDA /* test_block.c in Sources */,
			);
			runOnlyForDeploymentPostprocessing = 0;
		};
		4C1DBDB01FB3BFE100A7C885 /* Sources */ = {
			isa = PBXSourcesBuildPhase;
			buildActionMask = 2147483647;
			files = (
				4C1DBDB91FB3BFE100A7C885 /* Pro_ObjectiveCTests.m in Sources */,
			);
			runOnlyForDeploymentPostprocessing = 0;
		};
		4C1DBDBB1FB3BFE100A7C885 /* Sources */ = {
			isa = PBXSourcesBuildPhase;
			buildActionMask = 2147483647;
			files = (
				4C1DBDC41FB3BFE100A7C885 /* Pro_ObjectiveCUITests.m in Sources */,
			);
			runOnlyForDeploymentPostprocessing = 0;
		};
/* End PBXSourcesBuildPhase section */

/* Begin PBXTargetDependency section */
		4C1DBDB61FB3BFE100A7C885 /* PBXTargetDependency */ = {
			isa = PBXTargetDependency;
			target = 4C1DBD9A1FB3BFE100A7C885 /* Pro_ObjectiveC */;
			targetProxy = 4C1DBDB51FB3BFE100A7C885 /* PBXContainerItemProxy */;
		};
		4C1DBDC11FB3BFE100A7C885 /* PBXTargetDependency */ = {
			isa = PBXTargetDependency;
			target = 4C1DBD9A1FB3BFE100A7C885 /* Pro_ObjectiveC */;
			targetProxy = 4C1DBDC01FB3BFE100A7C885 /* PBXContainerItemProxy */;
		};
/* End PBXTargetDependency section */

/* Begin PBXVariantGroup section */
		4C1DBDA71FB3BFE100A7C885 /* Main.storyboard */ = {
			isa = PBXVariantGroup;
			children = (
				4C1DBDA81FB3BFE100A7C885 /* Base */,
			);
			name = Main.storyboard;
			sourceTree = "<group>";
		};
		4C1DBDAC1FB3BFE100A7C885 /* LaunchScreen.storyboard */ = {
			isa = PBXVariantGroup;
			children = (
				4C1DBDAD1FB3BFE100A7C885 /* Base */,
			);
			name = LaunchScreen.storyboard;
			sourceTree = "<group>";
		};
/* End PBXVariantGroup section */

/* Begin XCBuildConfiguration section */
		4C1DBDC61FB3BFE100A7C885 /* Debug */ = {
			isa = XCBuildConfiguration;
			buildSettings = {
				ALWAYS_SEARCH_USER_PATHS = NO;
				CLANG_ANALYZER_NONNULL = YES;
				CLANG_ANALYZER_NUMBER_OBJECT_CONVERSION = YES_AGGRESSIVE;
				CLANG_CXX_LANGUAGE_STANDARD = "gnu++0x";
				CLANG_CXX_LIBRARY = "libc++";
				CLANG_ENABLE_MODULES = YES;
				CLANG_ENABLE_OBJC_ARC = YES;
				CLANG_WARN_BOOL_CONVERSION = YES;
				CLANG_WARN_CONSTANT_CONVERSION = YES;
				CLANG_WARN_DIRECT_OBJC_ISA_USAGE = YES_ERROR;
				CLANG_WARN_DOCUMENTATION_COMMENTS = YES;
				CLANG_WARN_EMPTY_BODY = YES;
				CLANG_WARN_ENUM_CONVERSION = YES;
				CLANG_WARN_INFINITE_RECURSION = YES;
				CLANG_WARN_INT_CONVERSION = YES;
				CLANG_WARN_OBJC_ROOT_CLASS = YES_ERROR;
				CLANG_WARN_SUSPICIOUS_MOVE = YES;
				CLANG_WARN_UNREACHABLE_CODE = YES;
				CLANG_WARN__DUPLICATE_METHOD_MATCH = YES;
				"CODE_SIGN_IDENTITY[sdk=iphoneos*]" = "iPhone Developer";
				COPY_PHASE_STRIP = NO;
				DEBUG_INFORMATION_FORMAT = dwarf;
				ENABLE_STRICT_OBJC_MSGSEND = YES;
				ENABLE_TESTABILITY = YES;
				GCC_C_LANGUAGE_STANDARD = gnu99;
				GCC_DYNAMIC_NO_PIC = NO;
				GCC_NO_COMMON_BLOCKS = YES;
				GCC_OPTIMIZATION_LEVEL = 0;
				GCC_PREPROCESSOR_DEFINITIONS = (
					"DEBUG=1",
					"$(inherited)",
				);
				GCC_WARN_64_TO_32_BIT_CONVERSION = YES;
				GCC_WARN_ABOUT_RETURN_TYPE = YES_ERROR;
				GCC_WARN_UNDECLARED_SELECTOR = YES;
				GCC_WARN_UNINITIALIZED_AUTOS = YES_AGGRESSIVE;
				GCC_WARN_UNUSED_FUNCTION = YES;
				GCC_WARN_UNUSED_VARIABLE = YES;
				IPHONEOS_DEPLOYMENT_TARGET = 10.3;
				MTL_ENABLE_DEBUG_INFO = YES;
				ONLY_ACTIVE_ARCH = YES;
				SDKROOT = iphoneos;
				TARGETED_DEVICE_FAMILY = "1,2";
			};
			name = Debug;
		};
		4C1DBDC71FB3BFE100A7C885 /* Release */ = {
			isa = XCBuildConfiguration;
			buildSettings = {
				ALWAYS_SEARCH_USER_PATHS = NO;
				CLANG_ANALYZER_NONNULL = YES;
				CLANG_ANALYZER_NUMBER_OBJECT_CONVERSION = YES_AGGRESSIVE;
				CLANG_CXX_LANGUAGE_STANDARD = "gnu++0x";
				CLANG_CXX_LIBRARY = "libc++";
				CLANG_ENABLE_MODULES = YES;
				CLANG_ENABLE_OBJC_ARC = YES;
				CLANG_WARN_BOOL_CONVERSION = YES;
				CLANG_WARN_CONSTANT_CONVERSION = YES;
				CLANG_WARN_DIRECT_OBJC_ISA_USAGE = YES_ERROR;
				CLANG_WARN_DOCUMENTATION_COMMENTS = YES;
				CLANG_WARN_EMPTY_BODY = YES;
				CLANG_WARN_ENUM_CONVERSION = YES;
				CLANG_WARN_INFINITE_RECURSION = YES;
				CLANG_WARN_INT_CONVERSION = YES;
				CLANG_WARN_OBJC_ROOT_CLASS = YES_ERROR;
				CLANG_WARN_SUSPICIOUS_MOVE = YES;
				CLANG_WARN_UNREACHABLE_CODE = YES;
				CLANG_WARN__DUPLICATE_METHOD_MATCH = YES;
				"CODE_SIGN_IDENTITY[sdk=iphoneos*]" = "iPhone Developer";
				COPY_PHASE_STRIP = NO;
				DEBUG_INFORMATION_FORMAT = "dwarf-with-dsym";
				ENABLE_NS_ASSERTIONS = NO;
				ENABLE_STRICT_OBJC_MSGSEND = YES;
				GCC_C_LANGUAGE_STANDARD = gnu99;
				GCC_NO_COMMON_BLOCKS = YES;
				GCC_WARN_64_TO_32_BIT_CONVERSION = YES;
				GCC_WARN_ABOUT_RETURN_TYPE = YES_ERROR;
				GCC_WARN_UNDECLARED_SELECTOR = YES;
				GCC_WARN_UNINITIALIZED_AUTOS = YES_AGGRESSIVE;
				GCC_WARN_UNUSED_FUNCTION = YES;
				GCC_WARN_UNUSED_VARIABLE = YES;
				IPHONEOS_DEPLOYMENT_TARGET = 10.3;
				MTL_ENABLE_DEBUG_INFO = NO;
				SDKROOT = iphoneos;
				TARGETED_DEVICE_FAMILY = "1,2";
				VALIDATE_PRODUCT = YES;
			};
			name = Release;
		};
		4C1DBDC91FB3BFE100A7C885 /* Debug */ = {
			isa = XCBuildConfiguration;
			buildSettings = {
				ASSETCATALOG_COMPILER_APPICON_NAME = AppIcon;
				INFOPLIST_FILE = Pro_ObjectiveC/Info.plist;
				LD_RUNPATH_SEARCH_PATHS = "$(inherited) @executable_path/Frameworks";
				PRODUCT_BUNDLE_IDENTIFIER = "com.pro.Pro-ObjectiveC";
				PRODUCT_NAME = "$(TARGET_NAME)";
			};
			name = Debug;
		};
		4C1DBDCA1FB3BFE100A7C885 /* Release */ = {
			isa = XCBuildConfiguration;
			buildSettings = {
				ASSETCATALOG_COMPILER_APPICON_NAME = AppIcon;
				INFOPLIST_FILE = Pro_ObjectiveC/Info.plist;
				LD_RUNPATH_SEARCH_PATHS = "$(inherited) @executable_path/Frameworks";
				PRODUCT_BUNDLE_IDENTIFIER = "com.pro.Pro-ObjectiveC";
				PRODUCT_NAME = "$(TARGET_NAME)";
			};
			name = Release;
		};
		4C1DBDCC1FB3BFE100A7C885 /* Debug */ = {
			isa = XCBuildConfiguration;
			buildSettings = {
				BUNDLE_LOADER = "$(TEST_HOST)";
				INFOPLIST_FILE = Pro_ObjectiveCTests/Info.plist;
				LD_RUNPATH_SEARCH_PATHS = "$(inherited) @executable_path/Frameworks @loader_path/Frameworks";
				PRODUCT_BUNDLE_IDENTIFIER = "com.pro.Pro-ObjectiveCTests";
				PRODUCT_NAME = "$(TARGET_NAME)";
				TEST_HOST = "$(BUILT_PRODUCTS_DIR)/Pro_ObjectiveC.app/Pro_ObjectiveC";
			};
			name = Debug;
		};
		4C1DBDCD1FB3BFE100A7C885 /* Release */ = {
			isa = XCBuildConfiguration;
			buildSettings = {
				BUNDLE_LOADER = "$(TEST_HOST)";
				INFOPLIST_FILE = Pro_ObjectiveCTests/Info.plist;
				LD_RUNPATH_SEARCH_PATHS = "$(inherited) @executable_path/Frameworks @loader_path/Frameworks";
				PRODUCT_BUNDLE_IDENTIFIER = "com.pro.Pro-ObjectiveCTests";
				PRODUCT_NAME = "$(TARGET_NAME)";
				TEST_HOST = "$(BUILT_PRODUCTS_DIR)/Pro_ObjectiveC.app/Pro_ObjectiveC";
			};
			name = Release;
		};
		4C1DBDCF1FB3BFE100A7C885 /* Debug */ = {
			isa = XCBuildConfiguration;
			buildSettings = {
				INFOPLIST_FILE = Pro_ObjectiveCUITests/Info.plist;
				LD_RUNPATH_SEARCH_PATHS = "$(inherited) @executable_path/Frameworks @loader_path/Frameworks";
				PRODUCT_BUNDLE_IDENTIFIER = "com.pro.Pro-ObjectiveCUITests";
				PRODUCT_NAME = "$(TARGET_NAME)";
				TEST_TARGET_NAME = Pro_ObjectiveC;
			};
			name = Debug;
		};
		4C1DBDD01FB3BFE100A7C885 /* Release */ = {
			isa = XCBuildConfiguration;
			buildSettings = {
				INFOPLIST_FILE = Pro_ObjectiveCUITests/Info.plist;
				LD_RUNPATH_SEARCH_PATHS = "$(inherited) @executable_path/Frameworks @loader_path/Frameworks";
				PRODUCT_BUNDLE_IDENTIFIER = "com.pro.Pro-ObjectiveCUITests";
				PRODUCT_NAME = "$(TARGET_NAME)";
				TEST_TARGET_NAME = Pro_ObjectiveC;
			};
			name = Release;
		};
/* End XCBuildConfiguration section */

/* Begin XCConfigurationList section */
		4C1DBD961FB3BFE100A7C885 /* Build configuration list for PBXProject "Pro_ObjectiveC" */ = {
			isa = XCConfigurationList;
			buildConfigurations = (
				4C1DBDC61FB3BFE100A7C885 /* Debug */,
				4C1DBDC71FB3BFE100A7C885 /* Release */,
			);
			defaultConfigurationIsVisible = 0;
			defaultConfigurationName = Release;
		};
		4C1DBDC81FB3BFE100A7C885 /* Build configuration list for PBXNativeTarget "Pro_ObjectiveC" */ = {
			isa = XCConfigurationList;
			buildConfigurations = (
				4C1DBDC91FB3BFE100A7C885 /* Debug */,
				4C1DBDCA1FB3BFE100A7C885 /* Release */,
			);
			defaultConfigurationIsVisible = 0;
			defaultConfigurationName = Release;
		};
		4C1DBDCB1FB3BFE100A7C885 /* Build configuration list for PBXNativeTarget "Pro_ObjectiveCTests" */ = {
			isa = XCConfigurationList;
			buildConfigurations = (
				4C1DBDCC1FB3BFE100A7C885 /* Debug */,
				4C1DBDCD1FB3BFE100A7C885 /* Release */,
			);
			defaultConfigurationIsVisible = 0;
			defaultConfigurationName = Release;
		};
		4C1DBDCE1FB3BFE100A7C885 /* Build configuration list for PBXNativeTarget "Pro_ObjectiveCUITests" */ = {
			isa = XCConfigurationList;
			buildConfigurations = (
				4C1DBDCF1FB3BFE100A7C885 /* Debug */,
				4C1DBDD01FB3BFE100A7C885 /* Release */,
			);
			defaultConfigurationIsVisible = 0;
			defaultConfigurationName = Release;
		};
/* End XCConfigurationList section */
	};
	rootObject = 4C1DBD931FB3BFE100A7C885 /* Project object */;
}
